
Microsoft Visual Studio Solution File, Format Version 12.00
# Visual Studio Version 17
VisualStudioVersion = 17.2.32630.192
MinimumVisualStudioVersion = 10.0.40219.1
Project("{FAE04EC0-301F-11D3-BF4B-00C04F79EFBC}") = "lab6", "lab6.csproj", "{5A625B41-2831-464B-A53B-623FF68756E0}"
EndProject
Global
	GlobalSection(SolutionConfigurationPlatforms) = preSolution
		Debug|Any CPU = Debug|Any CPU
		Release|Any CPU = Release|Any CPU
	EndGlobalSection
	GlobalSection(ProjectConfigurationPlatforms) = postSolution
		{5A625B41-2831-464B-A53B-623FF68756E0}.Debug|Any CPU.ActiveCfg = Debug|Any CPU
		{5A625B41-2831-464B-A53B-623FF68756E0}.Debug|Any CPU.Build.0 = Debug|Any CPU
		{5A625B41-2831-464B-A53B-623FF68756E0}.Release|Any CPU.ActiveCfg = Release|Any CPU
		{5A625B41-2831-464B-A53B-623FF68756E0}.Release|Any CPU.Build.0 = Release|Any CPU
	EndGlobalSection
	GlobalSection(SolutionProperties) = preSolution
		HideSolutionNode = FALSE
	EndGlobalSection
	GlobalSection(ExtensibilityGlobals) = postSolution
		SolutionGuid = {3D9D92FE-52A4-4527-AF8D-922BC8DDAC3D}
	EndGlobalSection
EndGlobal
